// !$*UTF8*$!
{
	archiveVersion = 1;
	classes = {
	};
	objectVersion = 55;
	objects = {

/* Begin PBXBuildFile section */
		4A5D3F072902CAE0007069DD /* MultiRecTimerforiPadApp.swift in Sources */ = {isa = PBXBuildFile; fileRef = 4A5D3EF72902CADE007069DD /* MultiRecTimerforiPadApp.swift */; };
		4A5D3F082902CAE0007069DD /* MultiRecTimerforiPadApp.swift in Sources */ = {isa = PBXBuildFile; fileRef = 4A5D3EF72902CADE007069DD /* MultiRecTimerforiPadApp.swift */; };
		4A5D3F092902CAE0007069DD /* ContentView.swift in Sources */ = {isa = PBXBuildFile; fileRef = 4A5D3EF82902CADE007069DD /* ContentView.swift */; };
		4A5D3F0A2902CAE0007069DD /* ContentView.swift in Sources */ = {isa = PBXBuildFile; fileRef = 4A5D3EF82902CADE007069DD /* ContentView.swift */; };
		4A5D3F0B2902CAE0007069DD /* Assets.xcassets in Resources */ = {isa = PBXBuildFile; fileRef = 4A5D3EF92902CAE0007069DD /* Assets.xcassets */; };
		4A5D3F0C2902CAE0007069DD /* Assets.xcassets in Resources */ = {isa = PBXBuildFile; fileRef = 4A5D3EF92902CAE0007069DD /* Assets.xcassets */; };
/* End PBXBuildFile section */

/* Begin PBXFileReference section */
		4A5D3EF72902CADE007069DD /* MultiRecTimerforiPadApp.swift */ = {isa = PBXFileReference; lastKnownFileType = sourcecode.swift; path = MultiRecTimerforiPadApp.swift; sourceTree = "<group>"; };
		4A5D3EF82902CADE007069DD /* ContentView.swift */ = {isa = PBXFileReference; lastKnownFileType = sourcecode.swift; path = ContentView.swift; sourceTree = "<group>"; };
		4A5D3EF92902CAE0007069DD /* Assets.xcassets */ = {isa = PBXFileReference; lastKnownFileType = folder.assetcatalog; path = Assets.xcassets; sourceTree = "<group>"; };
		4A5D3EFE2902CAE0007069DD /* MultiRecTimerforiPad.app */ = {isa = PBXFileReference; explicitFileType = wrapper.application; includeInIndex = 0; path = MultiRecTimerforiPad.app; sourceTree = BUILT_PRODUCTS_DIR; };
		4A5D3F042902CAE0007069DD /* MultiRecTimerforiPad.app */ = {isa = PBXFileReference; explicitFileType = wrapper.application; includeInIndex = 0; path = MultiRecTimerforiPad.app; sourceTree = BUILT_PRODUCTS_DIR; };
		4A5D3F062902CAE0007069DD /* macOS.entitlements */ = {isa = PBXFileReference; lastKnownFileType = text.plist.entitlements; path = macOS.entitlements; sourceTree = "<group>"; };
/* End PBXFileReference section */

/* Begin PBXFrameworksBuildPhase section */
		4A5D3EFB2902CAE0007069DD /* Frameworks */ = {
			isa = PBXFrameworksBuildPhase;
			buildActionMask = 2147483647;
			files = (
			);
			runOnlyForDeploymentPostprocessing = 0;
		};
		4A5D3F012902CAE0007069DD /* Frameworks */ = {
			isa = PBXFrameworksBuildPhase;
			buildActionMask = 2147483647;
			files = (
			);
			runOnlyForDeploymentPostprocessing = 0;
		};
/* End PBXFrameworksBuildPhase section */

/* Begin PBXGroup section */
		4A5D3EF12902CADE007069DD = {
			isa = PBXGroup;
			children = (
				4A5D3EF62902CADE007069DD /* Shared */,
				4A5D3F052902CAE0007069DD /* macOS */,
				4A5D3EFF2902CAE0007069DD /* Products */,
			);
			sourceTree = "<group>";
		};
		4A5D3EF62902CADE007069DD /* Shared */ = {
			isa = PBXGroup;
			children = (
				4A5D3EF72902CADE007069DD /* MultiRecTimerforiPadApp.swift */,
				4A5D3EF82902CADE007069DD /* ContentView.swift */,
				4A5D3EF92902CAE0007069DD /* Assets.xcassets */,
			);
			path = Shared;
			sourceTree = "<group>";
		};
		4A5D3EFF2902CAE0007069DD /* Products */ = {
			isa = PBXGroup;
			children = (
				4A5D3EFE2902CAE0007069DD /* MultiRecTimerforiPad.app */,
				4A5D3F042902CAE0007069DD /* MultiRecTimerforiPad.app */,
			);
			name = Products;
			sourceTree = "<group>";
		};
		4A5D3F052902CAE0007069DD /* macOS */ = {
			isa = PBXGroup;
			children = (
				4A5D3F062902CAE0007069DD /* macOS.entitlements */,
			);
			path = macOS;
			sourceTree = "<group>";
		};
/* End PBXGroup section */

/* Begin PBXNativeTarget section */
		4A5D3EFD2902CAE0007069DD /* MultiRecTimerforiPad (iOS) */ = {
			isa = PBXNativeTarget;
			buildConfigurationList = 4A5D3F0F2902CAE0007069DD /* Build configuration list for PBXNativeTarget "MultiRecTimerforiPad (iOS)" */;
			buildPhases = (
				4A5D3EFA2902CAE0007069DD /* Sources */,
				4A5D3EFB2902CAE0007069DD /* Frameworks */,
				4A5D3EFC2902CAE0007069DD /* Resources */,
			);
			buildRules = (
			);
			dependencies = (
			);
			name = "MultiRecTimerforiPad (iOS)";
			productName = "MultiRecTimerforiPad (iOS)";
			productReference = 4A5D3EFE2902CAE0007069DD /* MultiRecTimerforiPad.app */;
			productType = "com.apple.product-type.application";
		};
		4A5D3F032902CAE0007069DD /* MultiRecTimerforiPad (macOS) */ = {
			isa = PBXNativeTarget;
			buildConfigurationList = 4A5D3F122902CAE0007069DD /* Build configuration list for PBXNativeTarget "MultiRecTimerforiPad (macOS)" */;
			buildPhases = (
				4A5D3F002902CAE0007069DD /* Sources */,
				4A5D3F012902CAE0007069DD /* Frameworks */,
				4A5D3F022902CAE0007069DD /* Resources */,
			);
			buildRules = (
			);
			dependencies = (
			);
			name = "MultiRecTimerforiPad (macOS)";
			productName = "MultiRecTimerforiPad (macOS)";
			productReference = 4A5D3F042902CAE0007069DD /* MultiRecTimerforiPad.app */;
			productType = "com.apple.product-type.application";
		};
/* End PBXNativeTarget section */

/* Begin PBXProject section */
		4A5D3EF22902CADE007069DD /* Project object */ = {
			isa = PBXProject;
			attributes = {
				BuildIndependentTargetsInParallel = 1;
				LastSwiftUpdateCheck = 1340;
				LastUpgradeCheck = 1340;
				TargetAttributes = {
					4A5D3EFD2902CAE0007069DD = {
						CreatedOnToolsVersion = 13.4.1;
					};
					4A5D3F032902CAE0007069DD = {
						CreatedOnToolsVersion = 13.4.1;
					};
				};
			};
			buildConfigurationList = 4A5D3EF52902CADE007069DD /* Build configuration list for PBXProject "MultiRecTimerforiPad" */;
			compatibilityVersion = "Xcode 13.0";
			developmentRegion = en;
			hasScannedForEncodings = 0;
			knownRegions = (
				en,
				Base,
			);
			mainGroup = 4A5D3EF12902CADE007069DD;
			productRefGroup = 4A5D3EFF2902CAE0007069DD /* Products */;
			projectDirPath = "";
			projectRoot = "";
			targets = (
				4A5D3EFD2902CAE0007069DD /* MultiRecTimerforiPad (iOS) */,
				4A5D3F032902CAE0007069DD /* MultiRecTimerforiPad (macOS) */,
			);
		};
/* End PBXProject section */

/* Begin PBXResourcesBuildPhase section */
		4A5D3EFC2902CAE0007069DD /* Resources */ = {
			isa = PBXResourcesBuildPhase;
			buildActionMask = 2147483647;
			files = (
				4A5D3F0B2902CAE0007069DD /* Assets.xcassets in Resources */,
			);
			runOnlyForDeploymentPostprocessing = 0;
		};
		4A5D3F022902CAE0007069DD /* Resources */ = {
			isa = PBXResourcesBuildPhase;
			buildActionMask = 2147483647;
			files = (
				4A5D3F0C2902CAE0007069DD /* Assets.xcassets in Resources */,
			);
			runOnlyForDeploymentPostprocessing = 0;
		};
/* End PBXResourcesBuildPhase section */

/* Begin PBXSourcesBuildPhase section */
		4A5D3EFA2902CAE0007069DD /* Sources */ = {
			isa = PBXSourcesBuildPhase;
			buildActionMask = 2147483647;
			files = (
				4A5D3F092902CAE0007069DD /* ContentView.swift in Sources */,
				4A5D3F072902CAE0007069DD /* MultiRecTimerforiPadApp.swift in Sources */,
			);
			runOnlyForDeploymentPostprocessing = 0;
		};
		4A5D3F002902CAE0007069DD /* Sources */ = {
			isa = PBXSourcesBuildPhase;
			buildActionMask = 2147483647;
			files = (
				4A5D3F0A2902CAE0007069DD /* ContentView.swift in Sources */,
				4A5D3F082902CAE0007069DD /* MultiRecTimerforiPadApp.swift in Sources */,
			);
			runOnlyForDeploymentPostprocessing = 0;
		};
/* End PBXSourcesBuildPhase section */

/* Begin XCBuildConfiguration section */
		4A5D3F0D2902CAE0007069DD /* Debug */ = {
			isa = XCBuildConfiguration;
			buildSettings = {
				ALWAYS_SEARCH_USER_PATHS = NO;
				CLANG_ANALYZER_NONNULL = YES;
				CLANG_ANALYZER_NUMBER_OBJECT_CONVERSION = YES_AGGRESSIVE;
				CLANG_CXX_LANGUAGE_STANDARD = "gnu++17";
				CLANG_ENABLE_MODULES = YES;
				CLANG_ENABLE_OBJC_ARC = YES;
				CLANG_ENABLE_OBJC_WEAK = YES;
				CLANG_WARN_BLOCK_CAPTURE_AUTORELEASING = YES;
				CLANG_WARN_BOOL_CONVERSION = YES;
				CLANG_WARN_COMMA = YES;
				CLANG_WARN_CONSTANT_CONVERSION = YES;
				CLANG_WARN_DEPRECATED_OBJC_IMPLEMENTATIONS = YES;
				CLANG_WARN_DIRECT_OBJC_ISA_USAGE = YES_ERROR;
				CLANG_WARN_DOCUMENTATION_COMMENTS = YES;
				CLANG_WARN_EMPTY_BODY = YES;
				CLANG_WARN_ENUM_CONVERSION = YES;
				CLANG_WARN_INFINITE_RECURSION = YES;
				CLANG_WARN_INT_CONVERSION = YES;
				CLANG_WARN_NON_LITERAL_NULL_CONVERSION = YES;
				CLANG_WARN_OBJC_IMPLICIT_RETAIN_SELF = YES;
				CLANG_WARN_OBJC_LITERAL_CONVERSION = YES;
				CLANG_WARN_OBJC_ROOT_CLASS = YES_ERROR;
				CLANG_WARN_QUOTED_INCLUDE_IN_FRAMEWORK_HEADER = YES;
				CLANG_WARN_RANGE_LOOP_ANALYSIS = YES;
				CLANG_WARN_STRICT_PROTOTYPES = YES;
				CLANG_WARN_SUSPICIOUS_MOVE = YES;
				CLANG_WARN_UNGUARDED_AVAILABILITY = YES_AGGRESSIVE;
				CLANG_WARN_UNREACHABLE_CODE = YES;
				CLANG_WARN__DUPLICATE_METHOD_MATCH = YES;
				COPY_PHASE_STRIP = NO;
				DEBUG_INFORMATION_FORMAT = dwarf;
				ENABLE_STRICT_OBJC_MSGSEND = YES;
				ENABLE_TESTABILITY = YES;
				GCC_C_LANGUAGE_STANDARD = gnu11;
				GCC_DYNAMIC_NO_PIC = NO;
				GCC_NO_COMMON_BLOCKS = YES;
				GCC_OPTIMIZATION_LEVEL = 0;
				GCC_PREPROCESSOR_DEFINITIONS = (
					"DEBUG=1",
					"$(inherited)",
				);
				GCC_WARN_64_TO_32_BIT_CONVERSION = YES;
				GCC_WARN_ABOUT_RETURN_TYPE = YES_ERROR;
				GCC_WARN_UNDECLARED_SELECTOR = YES;
				GCC_WARN_UNINITIALIZED_AUTOS = YES_AGGRESSIVE;
				GCC_WARN_UNUSED_FUNCTION = YES;
				GCC_WARN_UNUSED_VARIABLE = YES;
				MTL_ENABLE_DEBUG_INFO = INCLUDE_SOURCE;
				MTL_FAST_MATH = YES;
				ONLY_ACTIVE_ARCH = YES;
				SWIFT_ACTIVE_COMPILATION_CONDITIONS = DEBUG;
				SWIFT_OPTIMIZATION_LEVEL = "-Onone";
			};
			name = Debug;
		};
		4A5D3F0E2902CAE0007069DD /* Release */ = {
			isa = XCBuildConfiguration;
			buildSettings = {
				ALWAYS_SEARCH_USER_PATHS = NO;
				CLANG_ANALYZER_NONNULL = YES;
				CLANG_ANALYZER_NUMBER_OBJECT_CONVERSION = YES_AGGRESSIVE;
				CLANG_CXX_LANGUAGE_STANDARD = "gnu++17";
				CLANG_ENABLE_MODULES = YES;
				CLANG_ENABLE_OBJC_ARC = YES;
				CLANG_ENABLE_OBJC_WEAK = YES;
				CLANG_WARN_BLOCK_CAPTURE_AUTORELEASING = YES;
				CLANG_WARN_BOOL_CONVERSION = YES;
				CLANG_WARN_COMMA = YES;
				CLANG_WARN_CONSTANT_CONVERSION = YES;
				CLANG_WARN_DEPRECATED_OBJC_IMPLEMENTATIONS = YES;
				CLANG_WARN_DIRECT_OBJC_ISA_USAGE = YES_ERROR;
				CLANG_WARN_DOCUMENTATION_COMMENTS = YES;
				CLANG_WARN_EMPTY_BODY = YES;
				CLANG_WARN_ENUM_CONVERSION = YES;
				CLANG_WARN_INFINITE_RECURSION = YES;
				CLANG_WARN_INT_CONVERSION = YES;
				CLANG_WARN_NON_LITERAL_NULL_CONVERSION = YES;
				CLANG_WARN_OBJC_IMPLICIT_RETAIN_SELF = YES;
				CLANG_WARN_OBJC_LITERAL_CONVERSION = YES;
				CLANG_WARN_OBJC_ROOT_CLASS = YES_ERROR;
				CLANG_WARN_QUOTED_INCLUDE_IN_FRAMEWORK_HEADER = YES;
				CLANG_WARN_RANGE_LOOP_ANALYSIS = YES;
				CLANG_WARN_STRICT_PROTOTYPES = YES;
				CLANG_WARN_SUSPICIOUS_MOVE = YES;
				CLANG_WARN_UNGUARDED_AVAILABILITY = YES_AGGRESSIVE;
				CLANG_WARN_UNREACHABLE_CODE = YES;
				CLANG_WARN__DUPLICATE_METHOD_MATCH = YES;
				COPY_PHASE_STRIP = NO;
				DEBUG_INFORMATION_FORMAT = "dwarf-with-dsym";
				ENABLE_NS_ASSERTIONS = NO;
				ENABLE_STRICT_OBJC_MSGSEND = YES;
				GCC_C_LANGUAGE_STANDARD = gnu11;
				GCC_NO_COMMON_BLOCKS = YES;
				GCC_WARN_64_TO_32_BIT_CONVERSION = YES;
				GCC_WARN_ABOUT_RETURN_TYPE = YES_ERROR;
				GCC_WARN_UNDECLARED_SELECTOR = YES;
				GCC_WARN_UNINITIALIZED_AUTOS = YES_AGGRESSIVE;
				GCC_WARN_UNUSED_FUNCTION = YES;
				GCC_WARN_UNUSED_VARIABLE = YES;
				MTL_ENABLE_DEBUG_INFO = NO;
				MTL_FAST_MATH = YES;
				SWIFT_COMPILATION_MODE = wholemodule;
				SWIFT_OPTIMIZATION_LEVEL = "-O";
			};
			name = Release;
		};
		4A5D3F102902CAE0007069DD /* Debug */ = {
			isa = XCBuildConfiguration;
			buildSettings = {
				ASSETCATALOG_COMPILER_APPICON_NAME = AppIcon;
				ASSETCATALOG_COMPILER_GLOBAL_ACCENT_COLOR_NAME = AccentColor;
				CODE_SIGN_STYLE = Automatic;
				CURRENT_PROJECT_VERSION = 1;
				DEVELOPMENT_TEAM = TGPVYURU8B;
				ENABLE_PREVIEWS = YES;
				GENERATE_INFOPLIST_FILE = YES;
				INFOPLIST_KEY_UIApplicationSceneManifest_Generation = YES;
				INFOPLIST_KEY_UIApplicationSupportsIndirectInputEvents = YES;
				INFOPLIST_KEY_UILaunchScreen_Generation = YES;
				INFOPLIST_KEY_UISupportedInterfaceOrientations_iPad = "UIInterfaceOrientationPortrait UIInterfaceOrientationPortraitUpsideDown UIInterfaceOrientationLandscapeLeft UIInterfaceOrientationLandscapeRight";
				INFOPLIST_KEY_UISupportedInterfaceOrientations_iPhone = "UIInterfaceOrientationPortrait UIInterfaceOrientationLandscapeLeft UIInterfaceOrientationLandscapeRight";
				IPHONEOS_DEPLOYMENT_TARGET = 15.5;
				LD_RUNPATH_SEARCH_PATHS = (
					"$(inherited)",
					"@executable_path/Frameworks",
				);
				MARKETING_VERSION = 1.0;
				PRODUCT_BUNDLE_IDENTIFIER = com.haya.mrtfipad.MultiRecTimerforiPad;
				PRODUCT_NAME = MultiRecTimerforiPad;
				SDKROOT = iphoneos;
				SWIFT_EMIT_LOC_STRINGS = YES;
				SWIFT_VERSION = 5.0;
				TARGETED_DEVICE_FAMILY = "1,2";
			};
			name = Debug;
		};
		4A5D3F112902CAE0007069DD /* Release */ = {
			isa = XCBuildConfiguration;
			buildSettings = {
				ASSETCATALOG_COMPILER_APPICON_NAME = AppIcon;
				ASSETCATALOG_COMPILER_GLOBAL_ACCENT_COLOR_NAME = AccentColor;
				CODE_SIGN_STYLE = Automatic;
				CURRENT_PROJECT_VERSION = 1;
				DEVELOPMENT_TEAM = TGPVYURU8B;
				ENABLE_PREVIEWS = YES;
				GENERATE_INFOPLIST_FILE = YES;
				INFOPLIST_KEY_UIApplicationSceneManifest_Generation = YES;
				INFOPLIST_KEY_UIApplicationSupportsIndirectInputEvents = YES;
				INFOPLIST_KEY_UILaunchScreen_Generation = YES;
				INFOPLIST_KEY_UISupportedInterfaceOrientations_iPad = "UIInterfaceOrientationPortrait UIInterfaceOrientationPortraitUpsideDown UIInterfaceOrientationLandscapeLeft UIInterfaceOrientationLandscapeRight";
				INFOPLIST_KEY_UISupportedInterfaceOrientations_iPhone = "UIInterfaceOrientationPortrait UIInterfaceOrientationLandscapeLeft UIInterfaceOrientationLandscapeRight";
				IPHONEOS_DEPLOYMENT_TARGET = 15.5;
				LD_RUNPATH_SEARCH_PATHS = (
					"$(inherited)",
					"@executable_path/Frameworks",
				);
				MARKETING_VERSION = 1.0;
				PRODUCT_BUNDLE_IDENTIFIER = com.haya.mrtfipad.MultiRecTimerforiPad;
				PRODUCT_NAME = MultiRecTimerforiPad;
				SDKROOT = iphoneos;
				SWIFT_EMIT_LOC_STRINGS = YES;
				SWIFT_VERSION = 5.0;
				TARGETED_DEVICE_FAMILY = "1,2";
				VALIDATE_PRODUCT = YES;
			};
			name = Release;
		};
		4A5D3F132902CAE0007069DD /* Debug */ = {
			isa = XCBuildConfiguration;
			buildSettings = {
				ASSETCATALOG_COMPILER_APPICON_NAME = AppIcon;
				ASSETCATALOG_COMPILER_GLOBAL_ACCENT_COLOR_NAME = AccentColor;
				CODE_SIGN_ENTITLEMENTS = macOS/macOS.entitlements;
				CODE_SIGN_STYLE = Automatic;
				COMBINE_HIDPI_IMAGES = YES;
				CURRENT_PROJECT_VERSION = 1;
				DEVELOPMENT_TEAM = TGPVYURU8B;
				ENABLE_HARDENED_RUNTIME = YES;
				ENABLE_PREVIEWS = YES;
				GENERATE_INFOPLIST_FILE = YES;
				INFOPLIST_KEY_NSHumanReadableCopyright = "";
				LD_RUNPATH_SEARCH_PATHS = (
					"$(inherited)",
					"@executable_path/../Frameworks",
				);
				MACOSX_DEPLOYMENT_TARGET = 12.3;
				MARKETING_VERSION = 1.0;
				PRODUCT_BUNDLE_IDENTIFIER = com.haya.mrtfipad.MultiRecTimerforiPad;
				PRODUCT_NAME = MultiRecTimerforiPad;
				SDKROOT = macosx;
				SWIFT_EMIT_LOC_STRINGS = YES;
				SWIFT_VERSION = 5.0;
			};
			name = Debug;
		};
		4A5D3F142902CAE0007069DD /* Release */ = {
			isa = XCBuildConfiguration;
			buildSettings = {
				ASSETCATALOG_COMPILER_APPICON_NAME = AppIcon;
				ASSETCATALOG_COMPILER_GLOBAL_ACCENT_COLOR_NAME = AccentColor;
				CODE_SIGN_ENTITLEMENTS = macOS/macOS.entitlements;
				CODE_SIGN_STYLE = Automatic;
				COMBINE_HIDPI_IMAGES = YES;
				CURRENT_PROJECT_VERSION = 1;
				DEVELOPMENT_TEAM = TGPVYURU8B;
				ENABLE_HARDENED_RUNTIME = YES;
				ENABLE_PREVIEWS = YES;
				GENERATE_INFOPLIST_FILE = YES;
				INFOPLIST_KEY_NSHumanReadableCopyright = "";
				LD_RUNPATH_SEARCH_PATHS = (
					"$(inherited)",
					"@executable_path/../Frameworks",
				);
				MACOSX_DEPLOYMENT_TARGET = 12.3;
				MARKETING_VERSION = 1.0;
				PRODUCT_BUNDLE_IDENTIFIER = com.haya.mrtfipad.MultiRecTimerforiPad;
				PRODUCT_NAME = MultiRecTimerforiPad;
				SDKROOT = macosx;
				SWIFT_EMIT_LOC_STRINGS = YES;
				SWIFT_VERSION = 5.0;
			};
			name = Release;
		};
/* End XCBuildConfiguration section */

/* Begin XCConfigurationList section */
		4A5D3EF52902CADE007069DD /* Build configuration list for PBXProject "MultiRecTimerforiPad" */ = {
			isa = XCConfigurationList;
			buildConfigurations = (
				4A5D3F0D2902CAE0007069DD /* Debug */,
				4A5D3F0E2902CAE0007069DD /* Release */,
			);
			defaultConfigurationIsVisible = 0;
			defaultConfigurationName = Release;
		};
		4A5D3F0F2902CAE0007069DD /* Build configuration list for PBXNativeTarget "MultiRecTimerforiPad (iOS)" */ = {
			isa = XCConfigurationList;
			buildConfigurations = (
				4A5D3F102902CAE0007069DD /* Debug */,
				4A5D3F112902CAE0007069DD /* Release */,
			);
			defaultConfigurationIsVisible = 0;
			defaultConfigurationName = Release;
		};
		4A5D3F122902CAE0007069DD /* Build configuration list for PBXNativeTarget "MultiRecTimerforiPad (macOS)" */ = {
			isa = XCConfigurationList;
			buildConfigurations = (
				4A5D3F132902CAE0007069DD /* Debug */,
				4A5D3F142902CAE0007069DD /* Release */,
			);
			defaultConfigurationIsVisible = 0;
			defaultConfigurationName = Release;
		};
/* End XCConfigurationList section */
	};
	rootObject = 4A5D3EF22902CADE007069DD /* Project object */;
}
